Microsoft Visual Studio Solution File, Format Version 12.00
# Visual Studio 15
VisualStudioVersion = 15.0.27703.2035
MinimumVisualStudioVersion = 10.0.40219.1
Project("{2150E333-8FDC-42A3-9474-1A3956D46DE8}") = "FrontEnd", "FrontEnd", "{61FEF054-0DDD-4B56-9802-90AA6AFA560F}"
EndProject
Project("{2150E333-8FDC-42A3-9474-1A3956D46DE8}") = "Utilities", "Utilities", "{FD48D0DC-1A53-40AE-864E-384A067BEA3B}"
EndProject
Project("{2150E333-8FDC-42A3-9474-1A3956D46DE8}") = "Data", "Data", "{501B8077-9D5D-414B-BC34-CFDE89A5603B}"
EndProject
Project("{2150E333-8FDC-42A3-9474-1A3956D46DE8}") = "Business", "Business", "{7C29C6CA-4126-424D-AAEC-478A8D9CD07A}"
EndProject
Project("{FAE04EC0-301F-11D3-BF4B-00C04F79EFBC}") = "AR.Data", "Data\AR.Data\AR.Data.csproj", "{EFEA9FC1-F3FC-4F36-97A7-2E74C2C673EA}"
EndProject
Project("{FAE04EC0-301F-11D3-BF4B-00C04F79EFBC}") = "AP.Data", "Data\AP.Data\AP.Data.csproj", "{EC33FFB8-4CB4-42E7-BF21-9167871B349D}"
EndProject
Project("{FAE04EC0-301F-11D3-BF4B-00C04F79EFBC}") = "BI.Data", "Data\BI.Data\BI.Data.csproj", "{F593C4BD-1B58-4F13-BEE3-953C87E0F398}"
EndProject
Project("{FAE04EC0-301F-11D3-BF4B-00C04F79EFBC}") = "BP.Data", "Data\BP.Data\BP.Data.csproj", "{16A74A00-6BBD-4B4A-92A1-F09311A65D45}"
EndProject
Project("{FAE04EC0-301F-11D3-BF4B-00C04F79EFBC}") = "CM.Data", "Data\CM.Data\CM.Data.csproj", "{5D882385-E8B2-4579-AF38-419AD77F21FA}"
EndProject
Project("{FAE04EC0-301F-11D3-BF4B-00C04F79EFBC}") = "Common.Data", "Data\Common.Data\Common.Data.csproj", "{CA603A87-BC17-4E02-8E55-68AB943EFBEF}"
EndProject
Project("{FAE04EC0-301F-11D3-BF4B-00C04F79EFBC}") = "Custom.Data", "Data\Custom.Data\Custom.Data.csproj", "{A14B856D-ED00-4E06-8936-BF6A3297CBFF}"
EndProject
Project("{FAE04EC0-301F-11D3-BF4B-00C04F79EFBC}") = "EDI.Data", "Data\EDI.Data\EDI.Data.csproj", "{D13AD7C2-1323-426A-8952-BC249A6F0293}"
EndProject
Project("{FAE04EC0-301F-11D3-BF4B-00C04F79EFBC}") = "GL.Data", "Data\GL.Data\GL.Data.csproj", "{562EDA36-1939-4087-855E-23BDFC7FE646}"
EndProject
Project("{FAE04EC0-301F-11D3-BF4B-00C04F79EFBC}") = "IC.Data", "Data\IC.Data\IC.Data.csproj", "{3AF0ED7A-6290-4850-8902-79ED2D44C46D}"
EndProject
Project("{FAE04EC0-301F-11D3-BF4B-00C04F79EFBC}") = "JM.Data", "Data\JM.Data\JM.Data.csproj", "{36F66FB0-E90A-4CAD-8BB9-1E76BE4B96DE}"
EndProject
Project("{FAE04EC0-301F-11D3-BF4B-00C04F79EFBC}") = "KP.Data", "Data\KP.Data\KP.Data.csproj", "{C070A1B5-213D-42AC-8789-47F8076F1658}"
EndProject
Project("{FAE04EC0-301F-11D3-BF4B-00C04F79EFBC}") = "OE.Data", "Data\OE.Data\OE.Data.csproj", "{589A977C-DB18-4A74-91FF-12792510669F}"
EndProject
Project("{FAE04EC0-301F-11D3-BF4B-00C04F79EFBC}") = "OT.Data", "Data\OT.Data\OT.Data.csproj", "{15FE0395-3226-4E7A-88B2-C8F2B65C9BDA}"
EndProject
Project("{FAE04EC0-301F-11D3-BF4B-00C04F79EFBC}") = "PD.Data", "Data\PD.Data\PD.Data.csproj", "{F41309A4-8609-4427-B0AD-EE1C43EB79B0}"
EndProject
Project("{FAE04EC0-301F-11D3-BF4B-00C04F79EFBC}") = "PTX.Data", "Data\PTX.Data\PTX.Data.csproj", "{E309B06C-D970-4C09-82D8-0698FC086A88}"
EndProject
Project("{FAE04EC0-301F-11D3-BF4B-00C04F79EFBC}") = "PV.Data", "Data\PV.Data\PV.Data.csproj", "{2FADA402-39E6-4B5F-9D01-AAAAF4EDDE6B}"
EndProject
Project("{FAE04EC0-301F-11D3-BF4B-00C04F79EFBC}") = "RS.Data", "Data\RS.Data\RS.Data.csproj", "{C1CB5717-ADD6-4D8C-94E6-0326769CCFC6}"
EndProject
Project("{FAE04EC0-301F-11D3-BF4B-00C04F79EFBC}") = "SA.Data", "Data\SA.Data\SA.Data.csproj", "{56D3AC8D-2748-4066-946B-F398427A9945}"
EndProject
Project("{FAE04EC0-301F-11D3-BF4B-00C04F79EFBC}") = "SL.Data", "Data\SL.Data\SL.Data.csproj", "{6D5129A4-0D5A-4550-9C5B-D65344163358}"
EndProject
Project("{FAE04EC0-301F-11D3-BF4B-00C04F79EFBC}") = "SM.Data", "Data\SM.Data\SM.Data.csproj", "{96D2E707-BD45-47DC-9B43-D302CC885932}"
EndProject
Project("{FAE04EC0-301F-11D3-BF4B-00C04F79EFBC}") = "SW.Data", "Data\SW.Data\SW.Data.csproj", "{2A57EA84-949A-4A9E-A910-C86574FC6C68}"
EndProject
Project("{FAE04EC0-301F-11D3-BF4B-00C04F79EFBC}") = "VA.Data", "Data\VA.Data\VA.Data.csproj", "{23DA80CB-57DA-4F1F-9D09-761F06B6ED06}"
EndProject
Project("{FAE04EC0-301F-11D3-BF4B-00C04F79EFBC}") = "WL.Data", "Data\WL.Data\WL.Data.csproj", "{6E3045D6-C076-409E-B633-D6A6A0E36159}"
EndProject
Project("{FAE04EC0-301F-11D3-BF4B-00C04F79EFBC}") = "WM.Data", "Data\WM.Data\WM.Data.csproj", "{B1637EEB-2CE9-4AE2-87CF-B914300E270F}"
EndProject
Project("{FAE04EC0-301F-11D3-BF4B-00C04F79EFBC}") = "WT.Data", "Data\WT.Data\WT.Data.csproj", "{EB4DE1C5-3282-494C-9C6D-6CFD7E6561B5}"
EndProject
Project("{FAE04EC0-301F-11D3-BF4B-00C04F79EFBC}") = "Shared.Data", "Data\Shared.Data\Shared.Data.csproj", "{6E6CB5F3-AC3F-4B28-B50E-82828A2C0370}"
EndProject
Project("{FAE04EC0-301F-11D3-BF4B-00C04F79EFBC}") = "ServiceInterfaceClient", "Utilities\ServiceInterfaceClient\ServiceInterfaceClient.csproj", "{269E9951-4F01-4743-8F53-F6F703790460}"
EndProject
Project("{FAE04EC0-301F-11D3-BF4B-00C04F79EFBC}") = "Infor.Sxe.Web.FrontEnd", "FrontEnd\Infor.Sxe.Web.FrontEnd\Infor.Sxe.Web.FrontEnd.csproj", "{853E9469-6B31-4D68-95E0-51F472AF6E1F}"
EndProject
Project("{FAE04EC0-301F-11D3-BF4B-00C04F79EFBC}") = "PO.Data", "Data\PO.Data\PO.Data.csproj", "{CA66F6E3-2D15-454D-A75E-945F10DADCC0}"
EndProject
Project("{FAE04EC0-301F-11D3-BF4B-00C04F79EFBC}") = "HelpPageErrorSimulator.HelpArea", "Utilities\HelpPageErrorSimulator.HelpArea\HelpPageErrorSimulator.HelpArea.csproj", "{2A92B142-12B0-49A0-A5BC-D7AFC76D0153}"
EndProject
Project("{FAE04EC0-301F-11D3-BF4B-00C04F79EFBC}") = "Logging", "Utilities\Logging\Logging.csproj", "{84155CAF-6555-44A2-A101-6942D5355F1F}"
EndProject
Project("{FAE04EC0-301F-11D3-BF4B-00C04F79EFBC}") = "Security", "Utilities\Security\Security.csproj", "{F3AEAB6F-34DC-4D7C-B845-47F3D6E14525}"
EndProject
Project("{FAE04EC0-301F-11D3-BF4B-00C04F79EFBC}") = "ClientLogging", "Utilities\ClientLogging\ClientLogging.csproj", "{B46DF9D0-5D5B-4214-B8F8-F9F5E58C117C}"
EndProject
Project("{FAE04EC0-301F-11D3-BF4B-00C04F79EFBC}") = "TWL.Data", "Data\TWL.Data\TWL.Data.csproj", "{47EE6D22-B5A5-4ADB-8407-78700B716CC8}"
EndProject
Project("{FAE04EC0-301F-11D3-BF4B-00C04F79EFBC}") = "General.Business", "Business\General.Business\General.Business.csproj", "{284DE04D-EE1D-4E72-A68E-5E796D128EEB}"
EndProject
Global
	GlobalSection(SolutionConfigurationPlatforms) = preSolution
		Debug|Any CPU = Debug|Any CPU
		Debug|ARM = Debug|ARM
		Debug|x64 = Debug|x64
		Debug|x86 = Debug|x86
		Release|Any CPU = Release|Any CPU
		Release|ARM = Release|ARM
		Release|x64 = Release|x64
		Release|x86 = Release|x86
	EndGlobalSection
	GlobalSection(ProjectConfigurationPlatforms) = postSolution
		{EFEA9FC1-F3FC-4F36-97A7-2E74C2C673EA}.Debug|Any CPU.ActiveCfg = Debug|Any CPU
		{EFEA9FC1-F3FC-4F36-97A7-2E74C2C673EA}.Debug|Any CPU.Build.0 = Debug|Any CPU
		{EFEA9FC1-F3FC-4F36-97A7-2E74C2C673EA}.Debug|ARM.ActiveCfg = Debug|Any CPU
		{EFEA9FC1-F3FC-4F36-97A7-2E74C2C673EA}.Debug|x64.ActiveCfg = Debug|Any CPU
		{EFEA9FC1-F3FC-4F36-97A7-2E74C2C673EA}.Debug|x86.ActiveCfg = Debug|Any CPU
		{EFEA9FC1-F3FC-4F36-97A7-2E74C2C673EA}.Release|Any CPU.ActiveCfg = Release|Any CPU
		{EFEA9FC1-F3FC-4F36-97A7-2E74C2C673EA}.Release|Any CPU.Build.0 = Release|Any CPU
		{EFEA9FC1-F3FC-4F36-97A7-2E74C2C673EA}.Release|ARM.ActiveCfg = Release|Any CPU
		{EFEA9FC1-F3FC-4F36-97A7-2E74C2C673EA}.Release|x64.ActiveCfg = Release|Any CPU
		{EFEA9FC1-F3FC-4F36-97A7-2E74C2C673EA}.Release|x86.ActiveCfg = Release|Any CPU
		{EC33FFB8-4CB4-42E7-BF21-9167871B349D}.Debug|Any CPU.ActiveCfg = Debug|Any CPU
		{EC33FFB8-4CB4-42E7-BF21-9167871B349D}.Debug|Any CPU.Build.0 = Debug|Any CPU
		{EC33FFB8-4CB4-42E7-BF21-9167871B349D}.Debug|ARM.ActiveCfg = Debug|Any CPU
		{EC33FFB8-4CB4-42E7-BF21-9167871B349D}.Debug|x64.ActiveCfg = Debug|Any CPU
		{EC33FFB8-4CB4-42E7-BF21-9167871B349D}.Debug|x86.ActiveCfg = Debug|Any CPU
		{EC33FFB8-4CB4-42E7-BF21-9167871B349D}.Release|Any CPU.ActiveCfg = Release|Any CPU
		{EC33FFB8-4CB4-42E7-BF21-9167871B349D}.Release|Any CPU.Build.0 = Release|Any CPU
		{EC33FFB8-4CB4-42E7-BF21-9167871B349D}.Release|ARM.ActiveCfg = Release|Any CPU
		{EC33FFB8-4CB4-42E7-BF21-9167871B349D}.Release|x64.ActiveCfg = Release|Any CPU
		{EC33FFB8-4CB4-42E7-BF21-9167871B349D}.Release|x86.ActiveCfg = Release|Any CPU
		{F593C4BD-1B58-4F13-BEE3-953C87E0F398}.Debug|Any CPU.ActiveCfg = Debug|Any CPU
		{F593C4BD-1B58-4F13-BEE3-953C87E0F398}.Debug|Any CPU.Build.0 = Debug|Any CPU
		{F593C4BD-1B58-4F13-BEE3-953C87E0F398}.Debug|ARM.ActiveCfg = Debug|Any CPU
		{F593C4BD-1B58-4F13-BEE3-953C87E0F398}.Debug|x64.ActiveCfg = Debug|Any CPU
		{F593C4BD-1B58-4F13-BEE3-953C87E0F398}.Debug|x86.ActiveCfg = Debug|Any CPU
		{F593C4BD-1B58-4F13-BEE3-953C87E0F398}.Release|Any CPU.ActiveCfg = Release|Any CPU
		{F593C4BD-1B58-4F13-BEE3-953C87E0F398}.Release|Any CPU.Build.0 = Release|Any CPU
		{F593C4BD-1B58-4F13-BEE3-953C87E0F398}.Release|ARM.ActiveCfg = Release|Any CPU
		{F593C4BD-1B58-4F13-BEE3-953C87E0F398}.Release|x64.ActiveCfg = Release|Any CPU
		{F593C4BD-1B58-4F13-BEE3-953C87E0F398}.Release|x86.ActiveCfg = Release|Any CPU
		{16A74A00-6BBD-4B4A-92A1-F09311A65D45}.Debug|Any CPU.ActiveCfg = Debug|Any CPU
		{16A74A00-6BBD-4B4A-92A1-F09311A65D45}.Debug|Any CPU.Build.0 = Debug|Any CPU
		{16A74A00-6BBD-4B4A-92A1-F09311A65D45}.Debug|ARM.ActiveCfg = Debug|Any CPU
		{16A74A00-6BBD-4B4A-92A1-F09311A65D45}.Debug|x64.ActiveCfg = Debug|Any CPU
		{16A74A00-6BBD-4B4A-92A1-F09311A65D45}.Debug|x86.ActiveCfg = Debug|Any CPU
		{16A74A00-6BBD-4B4A-92A1-F09311A65D45}.Release|Any CPU.ActiveCfg = Release|Any CPU
		{16A74A00-6BBD-4B4A-92A1-F09311A65D45}.Release|Any CPU.Build.0 = Release|Any CPU
		{16A74A00-6BBD-4B4A-92A1-F09311A65D45}.Release|ARM.ActiveCfg = Release|Any CPU
		{16A74A00-6BBD-4B4A-92A1-F09311A65D45}.Release|x64.ActiveCfg = Release|Any CPU
		{16A74A00-6BBD-4B4A-92A1-F09311A65D45}.Release|x86.ActiveCfg = Release|Any CPU
		{5D882385-E8B2-4579-AF38-419AD77F21FA}.Debug|Any CPU.ActiveCfg = Debug|Any CPU
		{5D882385-E8B2-4579-AF38-419AD77F21FA}.Debug|Any CPU.Build.0 = Debug|Any CPU
		{5D882385-E8B2-4579-AF38-419AD77F21FA}.Debug|ARM.ActiveCfg = Debug|Any CPU
		{5D882385-E8B2-4579-AF38-419AD77F21FA}.Debug|x64.ActiveCfg = Debug|Any CPU
		{5D882385-E8B2-4579-AF38-419AD77F21FA}.Debug|x86.ActiveCfg = Debug|Any CPU
		{5D882385-E8B2-4579-AF38-419AD77F21FA}.Release|Any CPU.ActiveCfg = Release|Any CPU
		{5D882385-E8B2-4579-AF38-419AD77F21FA}.Release|Any CPU.Build.0 = Release|Any CPU
		{5D882385-E8B2-4579-AF38-419AD77F21FA}.Release|ARM.ActiveCfg = Release|Any CPU
		{5D882385-E8B2-4579-AF38-419AD77F21FA}.Release|x64.ActiveCfg = Release|Any CPU
		{5D882385-E8B2-4579-AF38-419AD77F21FA}.Release|x86.ActiveCfg = Release|Any CPU
		{CA603A87-BC17-4E02-8E55-68AB943EFBEF}.Debug|Any CPU.ActiveCfg = Debug|Any CPU
		{CA603A87-BC17-4E02-8E55-68AB943EFBEF}.Debug|Any CPU.Build.0 = Debug|Any CPU
		{CA603A87-BC17-4E02-8E55-68AB943EFBEF}.Debug|ARM.ActiveCfg = Debug|Any CPU
		{CA603A87-BC17-4E02-8E55-68AB943EFBEF}.Debug|x64.ActiveCfg = Debug|Any CPU
		{CA603A87-BC17-4E02-8E55-68AB943EFBEF}.Debug|x86.ActiveCfg = Debug|Any CPU
		{CA603A87-BC17-4E02-8E55-68AB943EFBEF}.Release|Any CPU.ActiveCfg = Release|Any CPU
		{CA603A87-BC17-4E02-8E55-68AB943EFBEF}.Release|Any CPU.Build.0 = Release|Any CPU
		{CA603A87-BC17-4E02-8E55-68AB943EFBEF}.Release|ARM.ActiveCfg = Release|Any CPU
		{CA603A87-BC17-4E02-8E55-68AB943EFBEF}.Release|x64.ActiveCfg = Release|Any CPU
		{CA603A87-BC17-4E02-8E55-68AB943EFBEF}.Release|x86.ActiveCfg = Release|Any CPU
		{A14B856D-ED00-4E06-8936-BF6A3297CBFF}.Debug|Any CPU.ActiveCfg = Debug|Any CPU
		{A14B856D-ED00-4E06-8936-BF6A3297CBFF}.Debug|Any CPU.Build.0 = Debug|Any CPU
		{A14B856D-ED00-4E06-8936-BF6A3297CBFF}.Debug|ARM.ActiveCfg = Debug|Any CPU
		{A14B856D-ED00-4E06-8936-BF6A3297CBFF}.Debug|x64.ActiveCfg = Debug|Any CPU
		{A14B856D-ED00-4E06-8936-BF6A3297CBFF}.Debug|x86.ActiveCfg = Debug|Any CPU
		{A14B856D-ED00-4E06-8936-BF6A3297CBFF}.Release|Any CPU.ActiveCfg = Release|Any CPU
		{A14B856D-ED00-4E06-8936-BF6A3297CBFF}.Release|Any CPU.Build.0 = Release|Any CPU
		{A14B856D-ED00-4E06-8936-BF6A3297CBFF}.Release|ARM.ActiveCfg = Release|Any CPU
		{A14B856D-ED00-4E06-8936-BF6A3297CBFF}.Release|x64.ActiveCfg = Release|Any CPU
		{A14B856D-ED00-4E06-8936-BF6A3297CBFF}.Release|x86.ActiveCfg = Release|Any CPU
		{D13AD7C2-1323-426A-8952-BC249A6F0293}.Debug|Any CPU.ActiveCfg = Debug|Any CPU
		{D13AD7C2-1323-426A-8952-BC249A6F0293}.Debug|Any CPU.Build.0 = Debug|Any CPU
		{D13AD7C2-1323-426A-8952-BC249A6F0293}.Debug|ARM.ActiveCfg = Debug|Any CPU
		{D13AD7C2-1323-426A-8952-BC249A6F0293}.Debug|x64.ActiveCfg = Debug|Any CPU
		{D13AD7C2-1323-426A-8952-BC249A6F0293}.Debug|x86.ActiveCfg = Debug|Any CPU
		{D13AD7C2-1323-426A-8952-BC249A6F0293}.Release|Any CPU.ActiveCfg = Release|Any CPU
		{D13AD7C2-1323-426A-8952-BC249A6F0293}.Release|Any CPU.Build.0 = Release|Any CPU
		{D13AD7C2-1323-426A-8952-BC249A6F0293}.Release|ARM.ActiveCfg = Release|Any CPU
		{D13AD7C2-1323-426A-8952-BC249A6F0293}.Release|x64.ActiveCfg = Release|Any CPU
		{D13AD7C2-1323-426A-8952-BC249A6F0293}.Release|x86.ActiveCfg = Release|Any CPU
		{562EDA36-1939-4087-855E-23BDFC7FE646}.Debug|Any CPU.ActiveCfg = Debug|Any CPU
		{562EDA36-1939-4087-855E-23BDFC7FE646}.Debug|Any CPU.Build.0 = Debug|Any CPU
		{562EDA36-1939-4087-855E-23BDFC7FE646}.Debug|ARM.ActiveCfg = Debug|Any CPU
		{562EDA36-1939-4087-855E-23BDFC7FE646}.Debug|x64.ActiveCfg = Debug|Any CPU
		{562EDA36-1939-4087-855E-23BDFC7FE646}.Debug|x86.ActiveCfg = Debug|Any CPU
		{562EDA36-1939-4087-855E-23BDFC7FE646}.Release|Any CPU.ActiveCfg = Release|Any CPU
		{562EDA36-1939-4087-855E-23BDFC7FE646}.Release|Any CPU.Build.0 = Release|Any CPU
		{562EDA36-1939-4087-855E-23BDFC7FE646}.Release|ARM.ActiveCfg = Release|Any CPU
		{562EDA36-1939-4087-855E-23BDFC7FE646}.Release|x64.ActiveCfg = Release|Any CPU
		{562EDA36-1939-4087-855E-23BDFC7FE646}.Release|x86.ActiveCfg = Release|Any CPU
		{3AF0ED7A-6290-4850-8902-79ED2D44C46D}.Debug|Any CPU.ActiveCfg = Debug|Any CPU
		{3AF0ED7A-6290-4850-8902-79ED2D44C46D}.Debug|Any CPU.Build.0 = Debug|Any CPU
		{3AF0ED7A-6290-4850-8902-79ED2D44C46D}.Debug|ARM.ActiveCfg = Debug|Any CPU
		{3AF0ED7A-6290-4850-8902-79ED2D44C46D}.Debug|x64.ActiveCfg = Debug|Any CPU
		{3AF0ED7A-6290-4850-8902-79ED2D44C46D}.Debug|x86.ActiveCfg = Debug|Any CPU
		{3AF0ED7A-6290-4850-8902-79ED2D44C46D}.Release|Any CPU.ActiveCfg = Release|Any CPU
		{3AF0ED7A-6290-4850-8902-79ED2D44C46D}.Release|Any CPU.Build.0 = Release|Any CPU
		{3AF0ED7A-6290-4850-8902-79ED2D44C46D}.Release|ARM.ActiveCfg = Release|Any CPU
		{3AF0ED7A-6290-4850-8902-79ED2D44C46D}.Release|x64.ActiveCfg = Release|Any CPU
		{3AF0ED7A-6290-4850-8902-79ED2D44C46D}.Release|x86.ActiveCfg = Release|Any CPU
		{36F66FB0-E90A-4CAD-8BB9-1E76BE4B96DE}.Debug|Any CPU.ActiveCfg = Debug|Any CPU
		{36F66FB0-E90A-4CAD-8BB9-1E76BE4B96DE}.Debug|Any CPU.Build.0 = Debug|Any CPU
		{36F66FB0-E90A-4CAD-8BB9-1E76BE4B96DE}.Debug|ARM.ActiveCfg = Debug|Any CPU
		{36F66FB0-E90A-4CAD-8BB9-1E76BE4B96DE}.Debug|x64.ActiveCfg = Debug|Any CPU
		{36F66FB0-E90A-4CAD-8BB9-1E76BE4B96DE}.Debug|x86.ActiveCfg = Debug|Any CPU
		{36F66FB0-E90A-4CAD-8BB9-1E76BE4B96DE}.Release|Any CPU.ActiveCfg = Release|Any CPU
		{36F66FB0-E90A-4CAD-8BB9-1E76BE4B96DE}.Release|Any CPU.Build.0 = Release|Any CPU
		{36F66FB0-E90A-4CAD-8BB9-1E76BE4B96DE}.Release|ARM.ActiveCfg = Release|Any CPU
		{36F66FB0-E90A-4CAD-8BB9-1E76BE4B96DE}.Release|x64.ActiveCfg = Release|Any CPU
		{36F66FB0-E90A-4CAD-8BB9-1E76BE4B96DE}.Release|x86.ActiveCfg = Release|Any CPU
		{C070A1B5-213D-42AC-8789-47F8076F1658}.Debug|Any CPU.ActiveCfg = Debug|Any CPU
		{C070A1B5-213D-42AC-8789-47F8076F1658}.Debug|Any CPU.Build.0 = Debug|Any CPU
		{C070A1B5-213D-42AC-8789-47F8076F1658}.Debug|ARM.ActiveCfg = Debug|Any CPU
		{C070A1B5-213D-42AC-8789-47F8076F1658}.Debug|x64.ActiveCfg = Debug|Any CPU
		{C070A1B5-213D-42AC-8789-47F8076F1658}.Debug|x86.ActiveCfg = Debug|Any CPU
		{C070A1B5-213D-42AC-8789-47F8076F1658}.Release|Any CPU.ActiveCfg = Release|Any CPU
		{C070A1B5-213D-42AC-8789-47F8076F1658}.Release|Any CPU.Build.0 = Release|Any CPU
		{C070A1B5-213D-42AC-8789-47F8076F1658}.Release|ARM.ActiveCfg = Release|Any CPU
		{C070A1B5-213D-42AC-8789-47F8076F1658}.Release|x64.ActiveCfg = Release|Any CPU
		{C070A1B5-213D-42AC-8789-47F8076F1658}.Release|x86.ActiveCfg = Release|Any CPU
		{589A977C-DB18-4A74-91FF-12792510669F}.Debug|Any CPU.ActiveCfg = Debug|Any CPU
		{589A977C-DB18-4A74-91FF-12792510669F}.Debug|Any CPU.Build.0 = Debug|Any CPU
		{589A977C-DB18-4A74-91FF-12792510669F}.Debug|ARM.ActiveCfg = Debug|Any CPU
		{589A977C-DB18-4A74-91FF-12792510669F}.Debug|x64.ActiveCfg = Debug|Any CPU
		{589A977C-DB18-4A74-91FF-12792510669F}.Debug|x86.ActiveCfg = Debug|Any CPU
		{589A977C-DB18-4A74-91FF-12792510669F}.Release|Any CPU.ActiveCfg = Release|Any CPU
		{589A977C-DB18-4A74-91FF-12792510669F}.Release|Any CPU.Build.0 = Release|Any CPU
		{589A977C-DB18-4A74-91FF-12792510669F}.Release|ARM.ActiveCfg = Release|Any CPU
		{589A977C-DB18-4A74-91FF-12792510669F}.Release|x64.ActiveCfg = Release|Any CPU
		{589A977C-DB18-4A74-91FF-12792510669F}.Release|x86.ActiveCfg = Release|Any CPU
		{15FE0395-3226-4E7A-88B2-C8F2B65C9BDA}.Debug|Any CPU.ActiveCfg = Debug|Any CPU
		{15FE0395-3226-4E7A-88B2-C8F2B65C9BDA}.Debug|Any CPU.Build.0 = Debug|Any CPU
		{15FE0395-3226-4E7A-88B2-C8F2B65C9BDA}.Debug|ARM.ActiveCfg = Debug|Any CPU
		{15FE0395-3226-4E7A-88B2-C8F2B65C9BDA}.Debug|x64.ActiveCfg = Debug|Any CPU
		{15FE0395-3226-4E7A-88B2-C8F2B65C9BDA}.Debug|x86.ActiveCfg = Debug|Any CPU
		{15FE0395-3226-4E7A-88B2-C8F2B65C9BDA}.Release|Any CPU.ActiveCfg = Release|Any CPU
		{15FE0395-3226-4E7A-88B2-C8F2B65C9BDA}.Release|Any CPU.Build.0 = Release|Any CPU
		{15FE0395-3226-4E7A-88B2-C8F2B65C9BDA}.Release|ARM.ActiveCfg = Release|Any CPU
		{15FE0395-3226-4E7A-88B2-C8F2B65C9BDA}.Release|x64.ActiveCfg = Release|Any CPU
		{15FE0395-3226-4E7A-88B2-C8F2B65C9BDA}.Release|x86.ActiveCfg = Release|Any CPU
		{F41309A4-8609-4427-B0AD-EE1C43EB79B0}.Debug|Any CPU.ActiveCfg = Debug|Any CPU
		{F41309A4-8609-4427-B0AD-EE1C43EB79B0}.Debug|Any CPU.Build.0 = Debug|Any CPU
		{F41309A4-8609-4427-B0AD-EE1C43EB79B0}.Debug|ARM.ActiveCfg = Debug|Any CPU
		{F41309A4-8609-4427-B0AD-EE1C43EB79B0}.Debug|x64.ActiveCfg = Debug|Any CPU
		{F41309A4-8609-4427-B0AD-EE1C43EB79B0}.Debug|x86.ActiveCfg = Debug|Any CPU
		{F41309A4-8609-4427-B0AD-EE1C43EB79B0}.Release|Any CPU.ActiveCfg = Release|Any CPU
		{F41309A4-8609-4427-B0AD-EE1C43EB79B0}.Release|Any CPU.Build.0 = Release|Any CPU
		{F41309A4-8609-4427-B0AD-EE1C43EB79B0}.Release|ARM.ActiveCfg = Release|Any CPU
		{F41309A4-8609-4427-B0AD-EE1C43EB79B0}.Release|x64.ActiveCfg = Release|Any CPU
		{F41309A4-8609-4427-B0AD-EE1C43EB79B0}.Release|x86.ActiveCfg = Release|Any CPU
		{E309B06C-D970-4C09-82D8-0698FC086A88}.Debug|Any CPU.ActiveCfg = Debug|Any CPU
		{E309B06C-D970-4C09-82D8-0698FC086A88}.Debug|Any CPU.Build.0 = Debug|Any CPU
		{E309B06C-D970-4C09-82D8-0698FC086A88}.Debug|ARM.ActiveCfg = Debug|Any CPU
		{E309B06C-D970-4C09-82D8-0698FC086A88}.Debug|x64.ActiveCfg = Debug|Any CPU
		{E309B06C-D970-4C09-82D8-0698FC086A88}.Debug|x86.ActiveCfg = Debug|Any CPU
		{E309B06C-D970-4C09-82D8-0698FC086A88}.Release|Any CPU.ActiveCfg = Release|Any CPU
		{E309B06C-D970-4C09-82D8-0698FC086A88}.Release|Any CPU.Build.0 = Release|Any CPU
		{E309B06C-D970-4C09-82D8-0698FC086A88}.Release|ARM.ActiveCfg = Release|Any CPU
		{E309B06C-D970-4C09-82D8-0698FC086A88}.Release|x64.ActiveCfg = Release|Any CPU
		{E309B06C-D970-4C09-82D8-0698FC086A88}.Release|x86.ActiveCfg = Release|Any CPU
		{2FADA402-39E6-4B5F-9D01-AAAAF4EDDE6B}.Debug|Any CPU.ActiveCfg = Debug|Any CPU
		{2FADA402-39E6-4B5F-9D01-AAAAF4EDDE6B}.Debug|Any CPU.Build.0 = Debug|Any CPU
		{2FADA402-39E6-4B5F-9D01-AAAAF4EDDE6B}.Debug|ARM.ActiveCfg = Debug|Any CPU
		{2FADA402-39E6-4B5F-9D01-AAAAF4EDDE6B}.Debug|x64.ActiveCfg = Debug|Any CPU
		{2FADA402-39E6-4B5F-9D01-AAAAF4EDDE6B}.Debug|x86.ActiveCfg = Debug|Any CPU
		{2FADA402-39E6-4B5F-9D01-AAAAF4EDDE6B}.Release|Any CPU.ActiveCfg = Release|Any CPU
		{2FADA402-39E6-4B5F-9D01-AAAAF4EDDE6B}.Release|Any CPU.Build.0 = Release|Any CPU
		{2FADA402-39E6-4B5F-9D01-AAAAF4EDDE6B}.Release|ARM.ActiveCfg = Release|Any CPU
		{2FADA402-39E6-4B5F-9D01-AAAAF4EDDE6B}.Release|x64.ActiveCfg = Release|Any CPU
		{2FADA402-39E6-4B5F-9D01-AAAAF4EDDE6B}.Release|x86.ActiveCfg = Release|Any CPU
		{C1CB5717-ADD6-4D8C-94E6-0326769CCFC6}.Debug|Any CPU.ActiveCfg = Debug|Any CPU
		{C1CB5717-ADD6-4D8C-94E6-0326769CCFC6}.Debug|Any CPU.Build.0 = Debug|Any CPU
		{C1CB5717-ADD6-4D8C-94E6-0326769CCFC6}.Debug|ARM.ActiveCfg = Debug|Any CPU
		{C1CB5717-ADD6-4D8C-94E6-0326769CCFC6}.Debug|x64.ActiveCfg = Debug|Any CPU
		{C1CB5717-ADD6-4D8C-94E6-0326769CCFC6}.Debug|x86.ActiveCfg = Debug|Any CPU
		{C1CB5717-ADD6-4D8C-94E6-0326769CCFC6}.Release|Any CPU.ActiveCfg = Release|Any CPU
		{C1CB5717-ADD6-4D8C-94E6-0326769CCFC6}.Release|Any CPU.Build.0 = Release|Any CPU
		{C1CB5717-ADD6-4D8C-94E6-0326769CCFC6}.Release|ARM.ActiveCfg = Release|Any CPU
		{C1CB5717-ADD6-4D8C-94E6-0326769CCFC6}.Release|x64.ActiveCfg = Release|Any CPU
		{C1CB5717-ADD6-4D8C-94E6-0326769CCFC6}.Release|x86.ActiveCfg = Release|Any CPU
		{56D3AC8D-2748-4066-946B-F398427A9945}.Debug|Any CPU.ActiveCfg = Debug|Any CPU
		{56D3AC8D-2748-4066-946B-F398427A9945}.Debug|Any CPU.Build.0 = Debug|Any CPU
		{56D3AC8D-2748-4066-946B-F398427A9945}.Debug|ARM.ActiveCfg = Debug|Any CPU
		{56D3AC8D-2748-4066-946B-F398427A9945}.Debug|x64.ActiveCfg = Debug|Any CPU
		{56D3AC8D-2748-4066-946B-F398427A9945}.Debug|x86.ActiveCfg = Debug|Any CPU
		{56D3AC8D-2748-4066-946B-F398427A9945}.Release|Any CPU.ActiveCfg = Release|Any CPU
		{56D3AC8D-2748-4066-946B-F398427A9945}.Release|Any CPU.Build.0 = Release|Any CPU
		{56D3AC8D-2748-4066-946B-F398427A9945}.Release|ARM.ActiveCfg = Release|Any CPU
		{56D3AC8D-2748-4066-946B-F398427A9945}.Release|x64.ActiveCfg = Release|Any CPU
		{56D3AC8D-2748-4066-946B-F398427A9945}.Release|x86.ActiveCfg = Release|Any CPU
		{6D5129A4-0D5A-4550-9C5B-D65344163358}.Debug|Any CPU.ActiveCfg = Debug|Any CPU
		{6D5129A4-0D5A-4550-9C5B-D65344163358}.Debug|Any CPU.Build.0 = Debug|Any CPU
		{6D5129A4-0D5A-4550-9C5B-D65344163358}.Debug|ARM.ActiveCfg = Debug|Any CPU
		{6D5129A4-0D5A-4550-9C5B-D65344163358}.Debug|x64.ActiveCfg = Debug|Any CPU
		{6D5129A4-0D5A-4550-9C5B-D65344163358}.Debug|x86.ActiveCfg = Debug|Any CPU
		{6D5129A4-0D5A-4550-9C5B-D65344163358}.Release|Any CPU.ActiveCfg = Release|Any CPU
		{6D5129A4-0D5A-4550-9C5B-D65344163358}.Release|Any CPU.Build.0 = Release|Any CPU
		{6D5129A4-0D5A-4550-9C5B-D65344163358}.Release|ARM.ActiveCfg = Release|Any CPU
		{6D5129A4-0D5A-4550-9C5B-D65344163358}.Release|x64.ActiveCfg = Release|Any CPU
		{6D5129A4-0D5A-4550-9C5B-D65344163358}.Release|x86.ActiveCfg = Release|Any CPU
		{96D2E707-BD45-47DC-9B43-D302CC885932}.Debug|Any CPU.ActiveCfg = Debug|Any CPU
		{96D2E707-BD45-47DC-9B43-D302CC885932}.Debug|Any CPU.Build.0 = Debug|Any CPU
		{96D2E707-BD45-47DC-9B43-D302CC885932}.Debug|ARM.ActiveCfg = Debug|Any CPU
		{96D2E707-BD45-47DC-9B43-D302CC885932}.Debug|x64.ActiveCfg = Debug|Any CPU
		{96D2E707-BD45-47DC-9B43-D302CC885932}.Debug|x86.ActiveCfg = Debug|Any CPU
		{96D2E707-BD45-47DC-9B43-D302CC885932}.Release|Any CPU.ActiveCfg = Release|Any CPU
		{96D2E707-BD45-47DC-9B43-D302CC885932}.Release|Any CPU.Build.0 = Release|Any CPU
		{96D2E707-BD45-47DC-9B43-D302CC885932}.Release|ARM.ActiveCfg = Release|Any CPU
		{96D2E707-BD45-47DC-9B43-D302CC885932}.Release|x64.ActiveCfg = Release|Any CPU
		{96D2E707-BD45-47DC-9B43-D302CC885932}.Release|x86.ActiveCfg = Release|Any CPU
		{2A57EA84-949A-4A9E-A910-C86574FC6C68}.Debug|Any CPU.ActiveCfg = Debug|Any CPU
		{2A57EA84-949A-4A9E-A910-C86574FC6C68}.Debug|Any CPU.Build.0 = Debug|Any CPU
		{2A57EA84-949A-4A9E-A910-C86574FC6C68}.Debug|ARM.ActiveCfg = Debug|Any CPU
		{2A57EA84-949A-4A9E-A910-C86574FC6C68}.Debug|x64.ActiveCfg = Debug|Any CPU
		{2A57EA84-949A-4A9E-A910-C86574FC6C68}.Debug|x86.ActiveCfg = Debug|Any CPU
		{2A57EA84-949A-4A9E-A910-C86574FC6C68}.Release|Any CPU.ActiveCfg = Release|Any CPU
		{2A57EA84-949A-4A9E-A910-C86574FC6C68}.Release|Any CPU.Build.0 = Release|Any CPU
		{2A57EA84-949A-4A9E-A910-C86574FC6C68}.Release|ARM.ActiveCfg = Release|Any CPU
		{2A57EA84-949A-4A9E-A910-C86574FC6C68}.Release|x64.ActiveCfg = Release|Any CPU
		{2A57EA84-949A-4A9E-A910-C86574FC6C68}.Release|x86.ActiveCfg = Release|Any CPU
		{23DA80CB-57DA-4F1F-9D09-761F06B6ED06}.Debug|Any CPU.ActiveCfg = Debug|Any CPU
		{23DA80CB-57DA-4F1F-9D09-761F06B6ED06}.Debug|Any CPU.Build.0 = Debug|Any CPU
		{23DA80CB-57DA-4F1F-9D09-761F06B6ED06}.Debug|ARM.ActiveCfg = Debug|Any CPU
		{23DA80CB-57DA-4F1F-9D09-761F06B6ED06}.Debug|x64.ActiveCfg = Debug|Any CPU
		{23DA80CB-57DA-4F1F-9D09-761F06B6ED06}.Debug|x86.ActiveCfg = Debug|Any CPU
		{23DA80CB-57DA-4F1F-9D09-761F06B6ED06}.Release|Any CPU.ActiveCfg = Release|Any CPU
		{23DA80CB-57DA-4F1F-9D09-761F06B6ED06}.Release|Any CPU.Build.0 = Release|Any CPU
		{23DA80CB-57DA-4F1F-9D09-761F06B6ED06}.Release|ARM.ActiveCfg = Release|Any CPU
		{23DA80CB-57DA-4F1F-9D09-761F06B6ED06}.Release|x64.ActiveCfg = Release|Any CPU
		{23DA80CB-57DA-4F1F-9D09-761F06B6ED06}.Release|x86.ActiveCfg = Release|Any CPU
		{6E3045D6-C076-409E-B633-D6A6A0E36159}.Debug|Any CPU.ActiveCfg = Debug|Any CPU
		{6E3045D6-C076-409E-B633-D6A6A0E36159}.Debug|Any CPU.Build.0 = Debug|Any CPU
		{6E3045D6-C076-409E-B633-D6A6A0E36159}.Debug|ARM.ActiveCfg = Debug|Any CPU
		{6E3045D6-C076-409E-B633-D6A6A0E36159}.Debug|x64.ActiveCfg = Debug|Any CPU
		{6E3045D6-C076-409E-B633-D6A6A0E36159}.Debug|x86.ActiveCfg = Debug|Any CPU
		{6E3045D6-C076-409E-B633-D6A6A0E36159}.Release|Any CPU.ActiveCfg = Release|Any CPU
		{6E3045D6-C076-409E-B633-D6A6A0E36159}.Release|Any CPU.Build.0 = Release|Any CPU
		{6E3045D6-C076-409E-B633-D6A6A0E36159}.Release|ARM.ActiveCfg = Release|Any CPU
		{6E3045D6-C076-409E-B633-D6A6A0E36159}.Release|x64.ActiveCfg = Release|Any CPU
		{6E3045D6-C076-409E-B633-D6A6A0E36159}.Release|x86.ActiveCfg = Release|Any CPU
		{B1637EEB-2CE9-4AE2-87CF-B914300E270F}.Debug|Any CPU.ActiveCfg = Debug|Any CPU
		{B1637EEB-2CE9-4AE2-87CF-B914300E270F}.Debug|Any CPU.Build.0 = Debug|Any CPU
		{B1637EEB-2CE9-4AE2-87CF-B914300E270F}.Debug|ARM.ActiveCfg = Debug|Any CPU
		{B1637EEB-2CE9-4AE2-87CF-B914300E270F}.Debug|x64.ActiveCfg = Debug|Any CPU
		{B1637EEB-2CE9-4AE2-87CF-B914300E270F}.Debug|x86.ActiveCfg = Debug|Any CPU
		{B1637EEB-2CE9-4AE2-87CF-B914300E270F}.Release|Any CPU.ActiveCfg = Release|Any CPU
		{B1637EEB-2CE9-4AE2-87CF-B914300E270F}.Release|Any CPU.Build.0 = Release|Any CPU
		{B1637EEB-2CE9-4AE2-87CF-B914300E270F}.Release|ARM.ActiveCfg = Release|Any CPU
		{B1637EEB-2CE9-4AE2-87CF-B914300E270F}.Release|x64.ActiveCfg = Release|Any CPU
		{B1637EEB-2CE9-4AE2-87CF-B914300E270F}.Release|x86.ActiveCfg = Release|Any CPU
		{EB4DE1C5-3282-494C-9C6D-6CFD7E6561B5}.Debug|Any CPU.ActiveCfg = Debug|Any CPU
		{EB4DE1C5-3282-494C-9C6D-6CFD7E6561B5}.Debug|Any CPU.Build.0 = Debug|Any CPU
		{EB4DE1C5-3282-494C-9C6D-6CFD7E6561B5}.Debug|ARM.ActiveCfg = Debug|Any CPU
		{EB4DE1C5-3282-494C-9C6D-6CFD7E6561B5}.Debug|x64.ActiveCfg = Debug|Any CPU
		{EB4DE1C5-3282-494C-9C6D-6CFD7E6561B5}.Debug|x86.ActiveCfg = Debug|Any CPU
		{EB4DE1C5-3282-494C-9C6D-6CFD7E6561B5}.Release|Any CPU.ActiveCfg = Release|Any CPU
		{EB4DE1C5-3282-494C-9C6D-6CFD7E6561B5}.Release|Any CPU.Build.0 = Release|Any CPU
		{EB4DE1C5-3282-494C-9C6D-6CFD7E6561B5}.Release|ARM.ActiveCfg = Release|Any CPU
		{EB4DE1C5-3282-494C-9C6D-6CFD7E6561B5}.Release|x64.ActiveCfg = Release|Any CPU
		{EB4DE1C5-3282-494C-9C6D-6CFD7E6561B5}.Release|x86.ActiveCfg = Release|Any CPU
		{6E6CB5F3-AC3F-4B28-B50E-82828A2C0370}.Debug|Any CPU.ActiveCfg = Debug|Any CPU
		{6E6CB5F3-AC3F-4B28-B50E-82828A2C0370}.Debug|Any CPU.Build.0 = Debug|Any CPU
		{6E6CB5F3-AC3F-4B28-B50E-82828A2C0370}.Debug|ARM.ActiveCfg = Debug|Any CPU
		{6E6CB5F3-AC3F-4B28-B50E-82828A2C0370}.Debug|x64.ActiveCfg = Debug|Any CPU
		{6E6CB5F3-AC3F-4B28-B50E-82828A2C0370}.Debug|x86.ActiveCfg = Debug|Any CPU
		{6E6CB5F3-AC3F-4B28-B50E-82828A2C0370}.Release|Any CPU.ActiveCfg = Release|Any CPU
		{6E6CB5F3-AC3F-4B28-B50E-82828A2C0370}.Release|Any CPU.Build.0 = Release|Any CPU
		{6E6CB5F3-AC3F-4B28-B50E-82828A2C0370}.Release|ARM.ActiveCfg = Release|Any CPU
		{6E6CB5F3-AC3F-4B28-B50E-82828A2C0370}.Release|x64.ActiveCfg = Release|Any CPU
		{6E6CB5F3-AC3F-4B28-B50E-82828A2C0370}.Release|x86.ActiveCfg = Release|Any CPU
		{269E9951-4F01-4743-8F53-F6F703790460}.Debug|Any CPU.ActiveCfg = Debug|Any CPU
		{269E9951-4F01-4743-8F53-F6F703790460}.Debug|Any CPU.Build.0 = Debug|Any CPU
		{269E9951-4F01-4743-8F53-F6F703790460}.Debug|ARM.ActiveCfg = Debug|Any CPU
		{269E9951-4F01-4743-8F53-F6F703790460}.Debug|x64.ActiveCfg = Debug|Any CPU
		{269E9951-4F01-4743-8F53-F6F703790460}.Debug|x86.ActiveCfg = Debug|Any CPU
		{269E9951-4F01-4743-8F53-F6F703790460}.Release|Any CPU.ActiveCfg = Release|Any CPU
		{269E9951-4F01-4743-8F53-F6F703790460}.Release|Any CPU.Build.0 = Release|Any CPU
		{269E9951-4F01-4743-8F53-F6F703790460}.Release|ARM.ActiveCfg = Release|Any CPU
		{269E9951-4F01-4743-8F53-F6F703790460}.Release|x64.ActiveCfg = Release|Any CPU
		{269E9951-4F01-4743-8F53-F6F703790460}.Release|x86.ActiveCfg = Release|Any CPU
		{853E9469-6B31-4D68-95E0-51F472AF6E1F}.Debug|Any CPU.ActiveCfg = Debug|Any CPU
		{853E9469-6B31-4D68-95E0-51F472AF6E1F}.Debug|Any CPU.Build.0 = Debug|Any CPU
		{853E9469-6B31-4D68-95E0-51F472AF6E1F}.Debug|ARM.ActiveCfg = Debug|Any CPU
		{853E9469-6B31-4D68-95E0-51F472AF6E1F}.Debug|x64.ActiveCfg = Debug|Any CPU
		{853E9469-6B31-4D68-95E0-51F472AF6E1F}.Debug|x86.ActiveCfg = Debug|Any CPU
		{853E9469-6B31-4D68-95E0-51F472AF6E1F}.Release|Any CPU.ActiveCfg = Release|Any CPU
		{853E9469-6B31-4D68-95E0-51F472AF6E1F}.Release|Any CPU.Build.0 = Release|Any CPU
		{853E9469-6B31-4D68-95E0-51F472AF6E1F}.Release|ARM.ActiveCfg = Release|Any CPU
		{853E9469-6B31-4D68-95E0-51F472AF6E1F}.Release|x64.ActiveCfg = Release|Any CPU
		{853E9469-6B31-4D68-95E0-51F472AF6E1F}.Release|x86.ActiveCfg = Release|Any CPU
		{CA66F6E3-2D15-454D-A75E-945F10DADCC0}.Debug|Any CPU.ActiveCfg = Debug|Any CPU
		{CA66F6E3-2D15-454D-A75E-945F10DADCC0}.Debug|Any CPU.Build.0 = Debug|Any CPU
		{CA66F6E3-2D15-454D-A75E-945F10DADCC0}.Debug|ARM.ActiveCfg = Debug|Any CPU
		{CA66F6E3-2D15-454D-A75E-945F10DADCC0}.Debug|x64.ActiveCfg = Debug|Any CPU
		{CA66F6E3-2D15-454D-A75E-945F10DADCC0}.Debug|x86.ActiveCfg = Debug|Any CPU
		{CA66F6E3-2D15-454D-A75E-945F10DADCC0}.Release|Any CPU.ActiveCfg = Release|Any CPU
		{CA66F6E3-2D15-454D-A75E-945F10DADCC0}.Release|Any CPU.Build.0 = Release|Any CPU
		{CA66F6E3-2D15-454D-A75E-945F10DADCC0}.Release|ARM.ActiveCfg = Release|Any CPU
		{CA66F6E3-2D15-454D-A75E-945F10DADCC0}.Release|x64.ActiveCfg = Release|Any CPU
		{CA66F6E3-2D15-454D-A75E-945F10DADCC0}.Release|x86.ActiveCfg = Release|Any CPU
		{2A92B142-12B0-49A0-A5BC-D7AFC76D0153}.Debug|Any CPU.ActiveCfg = Debug|Any CPU
		{2A92B142-12B0-49A0-A5BC-D7AFC76D0153}.Debug|Any CPU.Build.0 = Debug|Any CPU
		{2A92B142-12B0-49A0-A5BC-D7AFC76D0153}.Debug|ARM.ActiveCfg = Debug|Any CPU
		{2A92B142-12B0-49A0-A5BC-D7AFC76D0153}.Debug|x64.ActiveCfg = Debug|Any CPU
		{2A92B142-12B0-49A0-A5BC-D7AFC76D0153}.Debug|x86.ActiveCfg = Debug|Any CPU
		{2A92B142-12B0-49A0-A5BC-D7AFC76D0153}.Release|Any CPU.ActiveCfg = Release|Any CPU
		{2A92B142-12B0-49A0-A5BC-D7AFC76D0153}.Release|Any CPU.Build.0 = Release|Any CPU
		{2A92B142-12B0-49A0-A5BC-D7AFC76D0153}.Release|ARM.ActiveCfg = Release|Any CPU
		{2A92B142-12B0-49A0-A5BC-D7AFC76D0153}.Release|x64.ActiveCfg = Release|Any CPU
		{2A92B142-12B0-49A0-A5BC-D7AFC76D0153}.Release|x86.ActiveCfg = Release|Any CPU
		{84155CAF-6555-44A2-A101-6942D5355F1F}.Debug|Any CPU.ActiveCfg = Debug|Any CPU
		{84155CAF-6555-44A2-A101-6942D5355F1F}.Debug|Any CPU.Build.0 = Debug|Any CPU
		{84155CAF-6555-44A2-A101-6942D5355F1F}.Debug|ARM.ActiveCfg = Debug|Any CPU
		{84155CAF-6555-44A2-A101-6942D5355F1F}.Debug|x64.ActiveCfg = Debug|Any CPU
		{84155CAF-6555-44A2-A101-6942D5355F1F}.Debug|x86.ActiveCfg = Debug|Any CPU
		{84155CAF-6555-44A2-A101-6942D5355F1F}.Release|Any CPU.ActiveCfg = Release|Any CPU
		{84155CAF-6555-44A2-A101-6942D5355F1F}.Release|Any CPU.Build.0 = Release|Any CPU
		{84155CAF-6555-44A2-A101-6942D5355F1F}.Release|ARM.ActiveCfg = Release|Any CPU
		{84155CAF-6555-44A2-A101-6942D5355F1F}.Release|x64.ActiveCfg = Release|Any CPU
		{84155CAF-6555-44A2-A101-6942D5355F1F}.Release|x86.ActiveCfg = Release|Any CPU
		{F3AEAB6F-34DC-4D7C-B845-47F3D6E14525}.Debug|Any CPU.ActiveCfg = Debug|Any CPU
		{F3AEAB6F-34DC-4D7C-B845-47F3D6E14525}.Debug|Any CPU.Build.0 = Debug|Any CPU
		{F3AEAB6F-34DC-4D7C-B845-47F3D6E14525}.Debug|ARM.ActiveCfg = Debug|Any CPU
		{F3AEAB6F-34DC-4D7C-B845-47F3D6E14525}.Debug|x64.ActiveCfg = Debug|Any CPU
		{F3AEAB6F-34DC-4D7C-B845-47F3D6E14525}.Debug|x86.ActiveCfg = Debug|Any CPU
		{F3AEAB6F-34DC-4D7C-B845-47F3D6E14525}.Release|Any CPU.ActiveCfg = Release|Any CPU
		{F3AEAB6F-34DC-4D7C-B845-47F3D6E14525}.Release|Any CPU.Build.0 = Release|Any CPU
		{F3AEAB6F-34DC-4D7C-B845-47F3D6E14525}.Release|ARM.ActiveCfg = Release|Any CPU
		{F3AEAB6F-34DC-4D7C-B845-47F3D6E14525}.Release|x64.ActiveCfg = Release|Any CPU
		{F3AEAB6F-34DC-4D7C-B845-47F3D6E14525}.Release|x86.ActiveCfg = Release|Any CPU
		{B46DF9D0-5D5B-4214-B8F8-F9F5E58C117C}.Debug|Any CPU.ActiveCfg = Debug|Any CPU
		{B46DF9D0-5D5B-4214-B8F8-F9F5E58C117C}.Debug|Any CPU.Build.0 = Debug|Any CPU
		{B46DF9D0-5D5B-4214-B8F8-F9F5E58C117C}.Debug|ARM.ActiveCfg = Debug|Any CPU
		{B46DF9D0-5D5B-4214-B8F8-F9F5E58C117C}.Debug|x64.ActiveCfg = Debug|Any CPU
		{B46DF9D0-5D5B-4214-B8F8-F9F5E58C117C}.Debug|x86.ActiveCfg = Debug|Any CPU
		{B46DF9D0-5D5B-4214-B8F8-F9F5E58C117C}.Release|Any CPU.ActiveCfg = Release|Any CPU
		{B46DF9D0-5D5B-4214-B8F8-F9F5E58C117C}.Release|Any CPU.Build.0 = Release|Any CPU
		{B46DF9D0-5D5B-4214-B8F8-F9F5E58C117C}.Release|ARM.ActiveCfg = Release|Any CPU
		{B46DF9D0-5D5B-4214-B8F8-F9F5E58C117C}.Release|x64.ActiveCfg = Release|Any CPU
		{B46DF9D0-5D5B-4214-B8F8-F9F5E58C117C}.Release|x86.ActiveCfg = Release|Any CPU
		{47EE6D22-B5A5-4ADB-8407-78700B716CC8}.Debug|Any CPU.ActiveCfg = Debug|Any CPU
		{47EE6D22-B5A5-4ADB-8407-78700B716CC8}.Debug|Any CPU.Build.0 = Debug|Any CPU
		{47EE6D22-B5A5-4ADB-8407-78700B716CC8}.Debug|ARM.ActiveCfg = Debug|Any CPU
		{47EE6D22-B5A5-4ADB-8407-78700B716CC8}.Debug|ARM.Build.0 = Debug|Any CPU
		{47EE6D22-B5A5-4ADB-8407-78700B716CC8}.Debug|x64.ActiveCfg = Debug|Any CPU
		{47EE6D22-B5A5-4ADB-8407-78700B716CC8}.Debug|x64.Build.0 = Debug|Any CPU
		{47EE6D22-B5A5-4ADB-8407-78700B716CC8}.Debug|x86.ActiveCfg = Debug|Any CPU
		{47EE6D22-B5A5-4ADB-8407-78700B716CC8}.Debug|x86.Build.0 = Debug|Any CPU
		{47EE6D22-B5A5-4ADB-8407-78700B716CC8}.Release|Any CPU.ActiveCfg = Release|Any CPU
		{47EE6D22-B5A5-4ADB-8407-78700B716CC8}.Release|Any CPU.Build.0 = Release|Any CPU
		{47EE6D22-B5A5-4ADB-8407-78700B716CC8}.Release|ARM.ActiveCfg = Release|Any CPU
		{47EE6D22-B5A5-4ADB-8407-78700B716CC8}.Release|ARM.Build.0 = Release|Any CPU
		{47EE6D22-B5A5-4ADB-8407-78700B716CC8}.Release|x64.ActiveCfg = Release|Any CPU
		{47EE6D22-B5A5-4ADB-8407-78700B716CC8}.Release|x64.Build.0 = Release|Any CPU
		{47EE6D22-B5A5-4ADB-8407-78700B716CC8}.Release|x86.ActiveCfg = Release|Any CPU
		{47EE6D22-B5A5-4ADB-8407-78700B716CC8}.Release|x86.Build.0 = Release|Any CPU
		{284DE04D-EE1D-4E72-A68E-5E796D128EEB}.Debug|Any CPU.ActiveCfg = Debug|Any CPU
		{284DE04D-EE1D-4E72-A68E-5E796D128EEB}.Debug|Any CPU.Build.0 = Debug|Any CPU
		{284DE04D-EE1D-4E72-A68E-5E796D128EEB}.Debug|ARM.ActiveCfg = Debug|Any CPU
		{284DE04D-EE1D-4E72-A68E-5E796D128EEB}.Debug|ARM.Build.0 = Debug|Any CPU
		{284DE04D-EE1D-4E72-A68E-5E796D128EEB}.Debug|x64.ActiveCfg = Debug|Any CPU
		{284DE04D-EE1D-4E72-A68E-5E796D128EEB}.Debug|x64.Build.0 = Debug|Any CPU
		{284DE04D-EE1D-4E72-A68E-5E796D128EEB}.Debug|x86.ActiveCfg = Debug|Any CPU
		{284DE04D-EE1D-4E72-A68E-5E796D128EEB}.Debug|x86.Build.0 = Debug|Any CPU
		{284DE04D-EE1D-4E72-A68E-5E796D128EEB}.Release|Any CPU.ActiveCfg = Release|Any CPU
		{284DE04D-EE1D-4E72-A68E-5E796D128EEB}.Release|Any CPU.Build.0 = Release|Any CPU
		{284DE04D-EE1D-4E72-A68E-5E796D128EEB}.Release|ARM.ActiveCfg = Release|Any CPU
		{284DE04D-EE1D-4E72-A68E-5E796D128EEB}.Release|ARM.Build.0 = Release|Any CPU
		{284DE04D-EE1D-4E72-A68E-5E796D128EEB}.Release|x64.ActiveCfg = Release|Any CPU
		{284DE04D-EE1D-4E72-A68E-5E796D128EEB}.Release|x64.Build.0 = Release|Any CPU
		{284DE04D-EE1D-4E72-A68E-5E796D128EEB}.Release|x86.ActiveCfg = Release|Any CPU
		{284DE04D-EE1D-4E72-A68E-5E796D128EEB}.Release|x86.Build.0 = Release|Any CPU
	EndGlobalSection
	GlobalSection(SolutionProperties) = preSolution
		HideSolutionNode = FALSE
	EndGlobalSection
	GlobalSection(NestedProjects) = preSolution
		{EFEA9FC1-F3FC-4F36-97A7-2E74C2C673EA} = {501B8077-9D5D-414B-BC34-CFDE89A5603B}
		{EC33FFB8-4CB4-42E7-BF21-9167871B349D} = {501B8077-9D5D-414B-BC34-CFDE89A5603B}
		{F593C4BD-1B58-4F13-BEE3-953C87E0F398} = {501B8077-9D5D-414B-BC34-CFDE89A5603B}
		{16A74A00-6BBD-4B4A-92A1-F09311A65D45} = {501B8077-9D5D-414B-BC34-CFDE89A5603B}
		{5D882385-E8B2-4579-AF38-419AD77F21FA} = {501B8077-9D5D-414B-BC34-CFDE89A5603B}
		{CA603A87-BC17-4E02-8E55-68AB943EFBEF} = {501B8077-9D5D-414B-BC34-CFDE89A5603B}
		{A14B856D-ED00-4E06-8936-BF6A3297CBFF} = {501B8077-9D5D-414B-BC34-CFDE89A5603B}
		{D13AD7C2-1323-426A-8952-BC249A6F0293} = {501B8077-9D5D-414B-BC34-CFDE89A5603B}
		{562EDA36-1939-4087-855E-23BDFC7FE646} = {501B8077-9D5D-414B-BC34-CFDE89A5603B}
		{3AF0ED7A-6290-4850-8902-79ED2D44C46D} = {501B8077-9D5D-414B-BC34-CFDE89A5603B}
		{36F66FB0-E90A-4CAD-8BB9-1E76BE4B96DE} = {501B8077-9D5D-414B-BC34-CFDE89A5603B}
		{C070A1B5-213D-42AC-8789-47F8076F1658} = {501B8077-9D5D-414B-BC34-CFDE89A5603B}
		{589A977C-DB18-4A74-91FF-12792510669F} = {501B8077-9D5D-414B-BC34-CFDE89A5603B}
		{15FE0395-3226-4E7A-88B2-C8F2B65C9BDA} = {501B8077-9D5D-414B-BC34-CFDE89A5603B}
		{F41309A4-8609-4427-B0AD-EE1C43EB79B0} = {501B8077-9D5D-414B-BC34-CFDE89A5603B}
		{E309B06C-D970-4C09-82D8-0698FC086A88} = {501B8077-9D5D-414B-BC34-CFDE89A5603B}
		{2FADA402-39E6-4B5F-9D01-AAAAF4EDDE6B} = {501B8077-9D5D-414B-BC34-CFDE89A5603B}
		{C1CB5717-ADD6-4D8C-94E6-0326769CCFC6} = {501B8077-9D5D-414B-BC34-CFDE89A5603B}
		{56D3AC8D-2748-4066-946B-F398427A9945} = {501B8077-9D5D-414B-BC34-CFDE89A5603B}
		{6D5129A4-0D5A-4550-9C5B-D65344163358} = {501B8077-9D5D-414B-BC34-CFDE89A5603B}
		{96D2E707-BD45-47DC-9B43-D302CC885932} = {501B8077-9D5D-414B-BC34-CFDE89A5603B}
		{2A57EA84-949A-4A9E-A910-C86574FC6C68} = {501B8077-9D5D-414B-BC34-CFDE89A5603B}
		{23DA80CB-57DA-4F1F-9D09-761F06B6ED06} = {501B8077-9D5D-414B-BC34-CFDE89A5603B}
		{6E3045D6-C076-409E-B633-D6A6A0E36159} = {501B8077-9D5D-414B-BC34-CFDE89A5603B}
		{B1637EEB-2CE9-4AE2-87CF-B914300E270F} = {501B8077-9D5D-414B-BC34-CFDE89A5603B}
		{EB4DE1C5-3282-494C-9C6D-6CFD7E6561B5} = {501B8077-9D5D-414B-BC34-CFDE89A5603B}
		{6E6CB5F3-AC3F-4B28-B50E-82828A2C0370} = {501B8077-9D5D-414B-BC34-CFDE89A5603B}
		{269E9951-4F01-4743-8F53-F6F703790460} = {FD48D0DC-1A53-40AE-864E-384A067BEA3B}
		{853E9469-6B31-4D68-95E0-51F472AF6E1F} = {61FEF054-0DDD-4B56-9802-90AA6AFA560F}
		{CA66F6E3-2D15-454D-A75E-945F10DADCC0} = {501B8077-9D5D-414B-BC34-CFDE89A5603B}
		{2A92B142-12B0-49A0-A5BC-D7AFC76D0153} = {FD48D0DC-1A53-40AE-864E-384A067BEA3B}
		{84155CAF-6555-44A2-A101-6942D5355F1F} = {FD48D0DC-1A53-40AE-864E-384A067BEA3B}
		{F3AEAB6F-34DC-4D7C-B845-47F3D6E14525} = {FD48D0DC-1A53-40AE-864E-384A067BEA3B}
		{B46DF9D0-5D5B-4214-B8F8-F9F5E58C117C} = {FD48D0DC-1A53-40AE-864E-384A067BEA3B}
		{47EE6D22-B5A5-4ADB-8407-78700B716CC8} = {501B8077-9D5D-414B-BC34-CFDE89A5603B}
		{284DE04D-EE1D-4E72-A68E-5E796D128EEB} = {7C29C6CA-4126-424D-AAEC-478A8D9CD07A}
	EndGlobalSection
	GlobalSection(ExtensibilityGlobals) = postSolution
		SolutionGuid = {1E31990D-61D5-4511-B37D-A6AEAFE17C7D}
	EndGlobalSection
EndGlobal
