
Microsoft Visual Studio Solution File, Format Version 12.00
# Visual Studio 2013
VisualStudioVersion = 12.0.40629.0
MinimumVisualStudioVersion = 10.0.40219.1
Project("{2150E333-8FDC-42A3-9474-1A3956D46DE8}") = "FrontEnd", "FrontEnd", "{AF064AAB-8286-4E6E-824B-2FC6BEF3D2A8}"
EndProject
Project("{FAE04EC0-301F-11D3-BF4B-00C04F79EFBC}") = "Infor.Sxe.Web.FrontEnd", "FrontEnd\Infor.Sxe.Web.FrontEnd\Infor.Sxe.Web.FrontEnd.csproj", "{853E9469-6B31-4D68-95E0-51F472AF6E1F}"
EndProject
Global
	GlobalSection(SolutionConfigurationPlatforms) = preSolution
		Debug|Any CPU = Debug|Any CPU
		Release|Any CPU = Release|Any CPU
	EndGlobalSection
	GlobalSection(ProjectConfigurationPlatforms) = postSolution
		{853E9469-6B31-4D68-95E0-51F472AF6E1F}.Debug|Any CPU.ActiveCfg = Debug|Any CPU
		{853E9469-6B31-4D68-95E0-51F472AF6E1F}.Debug|Any CPU.Build.0 = Debug|Any CPU
		{853E9469-6B31-4D68-95E0-51F472AF6E1F}.Release|Any CPU.ActiveCfg = Release|Any CPU
		{853E9469-6B31-4D68-95E0-51F472AF6E1F}.Release|Any CPU.Build.0 = Release|Any CPU
	EndGlobalSection
	GlobalSection(SolutionProperties) = preSolution
		HideSolutionNode = FALSE
	EndGlobalSection
	GlobalSection(NestedProjects) = preSolution
		{853E9469-6B31-4D68-95E0-51F472AF6E1F} = {AF064AAB-8286-4E6E-824B-2FC6BEF3D2A8}
	EndGlobalSection
EndGlobal
