
Microsoft Visual Studio Solution File, Format Version 12.00
# Visual Studio 2013
VisualStudioVersion = 12.0.30324.0
MinimumVisualStudioVersion = 10.0.40219.1
Project("{FAE04EC0-301F-11D3-BF4B-00C04F79EFBC}") = "CreateVersion", "CreateVersion.csproj", "{C075DCA2-06DA-4F7D-A503-6312A7BADAC7}"
EndProject
Global
	GlobalSection(SolutionConfigurationPlatforms) = preSolution
		Debug|Any CPU = Debug|Any CPU
		Release|Any CPU = Release|Any CPU
	EndGlobalSection
	GlobalSection(ProjectConfigurationPlatforms) = postSolution
		{C075DCA2-06DA-4F7D-A503-6312A7BADAC7}.Debug|Any CPU.ActiveCfg = Debug|Any CPU
		{C075DCA2-06DA-4F7D-A503-6312A7BADAC7}.Debug|Any CPU.Build.0 = Debug|Any CPU
		{C075DCA2-06DA-4F7D-A503-6312A7BADAC7}.Release|Any CPU.ActiveCfg = Release|Any CPU
		{C075DCA2-06DA-4F7D-A503-6312A7BADAC7}.Release|Any CPU.Build.0 = Release|Any CPU
	EndGlobalSection
	GlobalSection(SolutionProperties) = preSolution
		HideSolutionNode = FALSE
	EndGlobalSection
EndGlobal
